Microsoft Visual Studio Solution File, Format Version 12.00
# Visual Studio Version 17
VisualStudioVersion = 17.5.2.0
MinimumVisualStudioVersion = 10.0.40219.1
Project("{FAE04EC0-301F-11D3-BF4B-00C04F79EFBC}") = "FinancialPreferences", "FinancialPreferences.csproj", "{29A4B001-F2B1-9219-EFA6-E3C126BEA2C9}"
EndProject
Global
	GlobalSection(SolutionConfigurationPlatforms) = preSolution
		Debug|Any CPU = Debug|Any CPU
		Release|Any CPU = Release|Any CPU
	EndGlobalSection
	GlobalSection(ProjectConfigurationPlatforms) = postSolution
		{29A4B001-F2B1-9219-EFA6-E3C126BEA2C9}.Debug|Any CPU.ActiveCfg = Debug|Any CPU
		{29A4B001-F2B1-9219-EFA6-E3C126BEA2C9}.Debug|Any CPU.Build.0 = Debug|Any CPU
		{29A4B001-F2B1-9219-EFA6-E3C126BEA2C9}.Release|Any CPU.ActiveCfg = Release|Any CPU
		{29A4B001-F2B1-9219-EFA6-E3C126BEA2C9}.Release|Any CPU.Build.0 = Release|Any CPU
	EndGlobalSection
	GlobalSection(SolutionProperties) = preSolution
		HideSolutionNode = FALSE
	EndGlobalSection
	GlobalSection(ExtensibilityGlobals) = postSolution
		SolutionGuid = {38E06343-AEA7-4AC3-BFBF-C99297E4C140}
	EndGlobalSection
EndGlobal
